{
    "_meta": {
        "hash": {
            "sha256": "e3e7fefb11be86f41aa2b1eebba8ab7678279943f97c92b225015ac5d706252c"
        },
        "pipfile-spec": 6,
        "requires": {
            "python_version": "3.7"
        },
        "sources": [
            {
                "name": "pypi",
                "url": "https://pypi.org/simple",
                "verify_ssl": true
            }
        ]
    },
    "default": {
        "certifi": {
            "hashes": [
                "sha256:35824b4c3a97115964b408844d64aa14db1cc518f6562e8d7261699d1350a9e3",
                "sha256:4ad3232f5e926d6718ec31cfc1fcadfde020920e278684144551c91769c7bc18"
            ],
            "index": "pypi",
            "version": "==2022.12.7"
        },
        "minio": {
            "hashes": [
                "sha256:0c92711535253958e06f0ec3bb36889595eafa93bad41addfa7641c9f613aa3b",
                "sha256:5ce9eb66cc464b1860c379a69f25926dabd16f4d6acb8dd45f68d7ccd7629fcc"
            ],
            "index": "pypi",
            "version": "==7.0.3"
        },
        "urllib3": {
            "hashes": [
                "sha256:47cc05d99aaa09c9e72ed5809b60e7ba354e64b59c9c173ac3018642d8bb41fc",
                "sha256:c083dd0dce68dbfbe1129d5271cb90f9447dea7d52097c6e0126120c521ddea8"
            ],
            "markers": "python_version >= '2.7' and python_version not in '3.0, 3.1, 3.2, 3.3, 3.4, 3.5'",
            "version": "==1.26.13"
        }
    },
    "develop": {}
}
