{
    "_meta": {
        "hash": {
            "sha256": "e3e7fefb11be86f41aa2b1eebba8ab7678279943f97c92b225015ac5d706252c"
        },
        "pipfile-spec": 6,
        "requires": {
            "python_version": "3.7"
        },
        "sources": [
            {
                "name": "pypi",
                "url": "https://pypi.org/simple",
                "verify_ssl": true
            }
        ]
    },
    "default": {
        "certifi": {
            "hashes": [
                "sha256:2bbf76fd432960138b3ef6dda3dde0544f27cbf8546c458e60baf371917ba9ee",
                "sha256:50b1e4f8446b06f41be7dd6338db18e0990601dce795c2b1686458aa7e8fa7d8"
            ],
            "version": "==2021.5.30"
        },
        "minio": {
            "hashes": [
                "sha256:0c92711535253958e06f0ec3bb36889595eafa93bad41addfa7641c9f613aa3b",
                "sha256:5ce9eb66cc464b1860c379a69f25926dabd16f4d6acb8dd45f68d7ccd7629fcc"
            ],
            "index": "pypi",
            "version": "==7.0.3"
        },
        "urllib3": {
            "hashes": [
                "sha256:753a0374df26658f99d826cfe40394a686d05985786d946fbe4165b5148f5a7c",
                "sha256:a7acd0977125325f516bda9735fa7142b909a8d01e8b2e4c8108d0984e6e0098"
            ],
            "index": "pypi",
            "version": "==1.26.5"
        }
    },
    "develop": {}
}
